
Microsoft Visual Studio Solution File, Format Version 12.00
# Visual Studio Version 17
VisualStudioVersion = 17.9.34728.123
MinimumVisualStudioVersion = 10.0.40219.1
Project("{9A19103F-16F7-4668-BE54-9A1E7A4F7556}") = "PRN221_Assignment", "PRN221_Assignment.csproj", "{D54C4B11-3A49-4365-A170-42C871F0E8DA}"
EndProject
Project("{9A19103F-16F7-4668-BE54-9A1E7A4F7556}") = "Assignment", "..\..\PRN211\WinFormsAppChiLp\Assignment\Assignment.csproj", "{B9B69B60-F766-409B-877A-FD60D7AC90D4}"
EndProject
Global
	GlobalSection(SolutionConfigurationPlatforms) = preSolution
		Debug|Any CPU = Debug|Any CPU
		Release|Any CPU = Release|Any CPU
	EndGlobalSection
	GlobalSection(ProjectConfigurationPlatforms) = postSolution
		{D54C4B11-3A49-4365-A170-42C871F0E8DA}.Debug|Any CPU.ActiveCfg = Debug|Any CPU
		{D54C4B11-3A49-4365-A170-42C871F0E8DA}.Debug|Any CPU.Build.0 = Debug|Any CPU
		{D54C4B11-3A49-4365-A170-42C871F0E8DA}.Release|Any CPU.ActiveCfg = Release|Any CPU
		{D54C4B11-3A49-4365-A170-42C871F0E8DA}.Release|Any CPU.Build.0 = Release|Any CPU
		{B9B69B60-F766-409B-877A-FD60D7AC90D4}.Debug|Any CPU.ActiveCfg = Debug|Any CPU
		{B9B69B60-F766-409B-877A-FD60D7AC90D4}.Debug|Any CPU.Build.0 = Debug|Any CPU
		{B9B69B60-F766-409B-877A-FD60D7AC90D4}.Release|Any CPU.ActiveCfg = Release|Any CPU
		{B9B69B60-F766-409B-877A-FD60D7AC90D4}.Release|Any CPU.Build.0 = Release|Any CPU
	EndGlobalSection
	GlobalSection(SolutionProperties) = preSolution
		HideSolutionNode = FALSE
	EndGlobalSection
	GlobalSection(ExtensibilityGlobals) = postSolution
		SolutionGuid = {CBCA21CF-CA6D-49CB-AFFA-BDDC19EA9B6A}
	EndGlobalSection
EndGlobal
